
Microsoft Visual Studio Solution File, Format Version 12.00
# Visual Studio Version 17
VisualStudioVersion = 17.0.31903.59
MinimumVisualStudioVersion = 10.0.40219.1
Project("{9A19103F-16F7-4668-BE54-9A1E7A4F7556}") = "CSharp10", "CSharp10\CSharp10.csproj", "{9FD54293-3EBA-40AD-B806-E94EE3FA7D83}"
EndProject
Project("{9A19103F-16F7-4668-BE54-9A1E7A4F7556}") = "CSharp9", "CSharp9\CSharp9.csproj", "{14C3BD2E-4712-4C15-92E4-644C6BC122B5}"
EndProject
Project("{FAE04EC0-301F-11D3-BF4B-00C04F79EFBC}") = "WpfVS2022", "WpfVS2022\WpfVS2022.csproj", "{ED1C6BB4-32E0-4327-B87A-1D9520BECBF0}"
EndProject
Global
	GlobalSection(SolutionConfigurationPlatforms) = preSolution
		Debug|Any CPU = Debug|Any CPU
		Release|Any CPU = Release|Any CPU
	EndGlobalSection
	GlobalSection(ProjectConfigurationPlatforms) = postSolution
		{9FD54293-3EBA-40AD-B806-E94EE3FA7D83}.Debug|Any CPU.ActiveCfg = Debug|Any CPU
		{9FD54293-3EBA-40AD-B806-E94EE3FA7D83}.Debug|Any CPU.Build.0 = Debug|Any CPU
		{9FD54293-3EBA-40AD-B806-E94EE3FA7D83}.Release|Any CPU.ActiveCfg = Release|Any CPU
		{9FD54293-3EBA-40AD-B806-E94EE3FA7D83}.Release|Any CPU.Build.0 = Release|Any CPU
		{14C3BD2E-4712-4C15-92E4-644C6BC122B5}.Debug|Any CPU.ActiveCfg = Debug|Any CPU
		{14C3BD2E-4712-4C15-92E4-644C6BC122B5}.Debug|Any CPU.Build.0 = Debug|Any CPU
		{14C3BD2E-4712-4C15-92E4-644C6BC122B5}.Release|Any CPU.ActiveCfg = Release|Any CPU
		{14C3BD2E-4712-4C15-92E4-644C6BC122B5}.Release|Any CPU.Build.0 = Release|Any CPU
		{ED1C6BB4-32E0-4327-B87A-1D9520BECBF0}.Debug|Any CPU.ActiveCfg = Debug|Any CPU
		{ED1C6BB4-32E0-4327-B87A-1D9520BECBF0}.Debug|Any CPU.Build.0 = Debug|Any CPU
		{ED1C6BB4-32E0-4327-B87A-1D9520BECBF0}.Release|Any CPU.ActiveCfg = Release|Any CPU
		{ED1C6BB4-32E0-4327-B87A-1D9520BECBF0}.Release|Any CPU.Build.0 = Release|Any CPU
	EndGlobalSection
	GlobalSection(SolutionProperties) = preSolution
		HideSolutionNode = FALSE
	EndGlobalSection
	GlobalSection(ExtensibilityGlobals) = postSolution
		SolutionGuid = {D340418D-F089-47B7-B9C8-9AC65004FE1B}
	EndGlobalSection
EndGlobal
